{
  "name": "radio-stream-lite",
  "version": "1.0.0",
  "lockfileVersion": 2,
  "dependencies": {
    "discord.js": {
      "version": "13.3.1",
      "resolved": "https://registry.npmjs.org/discord.js/-/discord.js-13.3.1.tgz",
      "integrity": "<hash>",
      "dev": true,
      "optional": false
    },
    // Other dependencies and their details
  }
}
